
Microsoft Visual Studio Solution File, Format Version 12.00
Project("{FAE04EC0-301F-11D3-BF4B-00C04F79EFBC}") = "dna-mcp", "dna-mcp\dna-mcp.csproj", "{406DD7E6-75E1-4ACF-9BC3-8496DECA6607}"
EndProject
Global
	GlobalSection(SolutionConfigurationPlatforms) = preSolution
		Debug|Any CPU = Debug|Any CPU
		Release|Any CPU = Release|Any CPU
	EndGlobalSection
	GlobalSection(ProjectConfigurationPlatforms) = postSolution
		{406DD7E6-75E1-4ACF-9BC3-8496DECA6607}.Debug|Any CPU.ActiveCfg = Debug|Any CPU
		{406DD7E6-75E1-4ACF-9BC3-8496DECA6607}.Debug|Any CPU.Build.0 = Debug|Any CPU
		{406DD7E6-75E1-4ACF-9BC3-8496DECA6607}.Release|Any CPU.ActiveCfg = Release|Any CPU
		{406DD7E6-75E1-4ACF-9BC3-8496DECA6607}.Release|Any CPU.Build.0 = Release|Any CPU
	EndGlobalSection
EndGlobal
